{
  "pins" : [
    {
      "identity" : "ios-training",
      "kind" : "remoteSourceControl",
      "location" : "https://github.com/yumemi-inc/ios-training.git",
      "state" : {
        "branch" : "main",
        "revision" : "b2667251bdeb44862a3b0cf6a77a62c08b0ce3ca"
      }
    },
    {
      "identity" : "reactivecocoa",
      "kind" : "remoteSourceControl",
      "location" : "https://github.com/ReactiveCocoa/ReactiveCocoa.git",
      "state" : {
        "branch" : "master",
        "revision" : "8a5b07b18c6abb8e12fb845bf742675dc4914ed8"
      }
    },
    {
      "identity" : "reactiveswift",
      "kind" : "remoteSourceControl",
      "location" : "https://github.com/ReactiveCocoa/ReactiveSwift",
      "state" : {
        "revision" : "efb2f0a6f6c8739cce8fb14148a5bd3c83f2f91d",
        "version" : "7.0.0"
      }
    }
  ],
  "version" : 2
}
