{
  "object": {
    "pins": [
      {
        "package": "YumemiWeather",
        "repositoryURL": "https://github.com/yumemi-inc/ios-training.git",
        "state": {
          "branch": "main",
          "revision": "daf9dbba07745c608d850b12930cbb37b44cef39",
          "version": null
        }
      }
    ]
  },
  "version": 1
}
