// !$*UTF8*$!
{
	archiveVersion = 1;
	classes = {
	};
	objectVersion = 55;
	objects = {

/* Begin PBXBuildFile section */
		43BF2CE227DAD45400A5B64B /* SampleViewController.storyboard in Resources */ = {isa = PBXBuildFile; fileRef = 43BF2CE127DAD45400A5B64B /* SampleViewController.storyboard */; };
		43BF2CE427DAD46900A5B64B /* SampleViewController.swift in Sources */ = {isa = PBXBuildFile; fileRef = 43BF2CE327DAD46900A5B64B /* SampleViewController.swift */; };
		43BF2CE727DAD8F000A5B64B /* ReactiveCocoa in Frameworks */ = {isa = PBXBuildFile; productRef = 43BF2CE627DAD8F000A5B64B /* ReactiveCocoa */; };
		43DC39CC27DAD24E009497D3 /* RootTabBarController.storyboard in Resources */ = {isa = PBXBuildFile; fileRef = 43DC39CB27DAD24E009497D3 /* RootTabBarController.storyboard */; };
		B3AF310527BF99EE00A7C1DB /* AppDelegate.swift in Sources */ = {isa = PBXBuildFile; fileRef = B3AF310427BF99EE00A7C1DB /* AppDelegate.swift */; };
		B3AF310727BF99EE00A7C1DB /* SceneDelegate.swift in Sources */ = {isa = PBXBuildFile; fileRef = B3AF310627BF99EE00A7C1DB /* SceneDelegate.swift */; };
		B3AF310927BF99EE00A7C1DB /* WeatherViewController.swift in Sources */ = {isa = PBXBuildFile; fileRef = B3AF310827BF99EE00A7C1DB /* WeatherViewController.swift */; };
		B3AF310C27BF99EE00A7C1DB /* ViewController.storyboard in Resources */ = {isa = PBXBuildFile; fileRef = B3AF310A27BF99EE00A7C1DB /* ViewController.storyboard */; };
		B3AF310E27BF99EF00A7C1DB /* Assets.xcassets in Resources */ = {isa = PBXBuildFile; fileRef = B3AF310D27BF99EF00A7C1DB /* Assets.xcassets */; };
		B3AF311127BF99EF00A7C1DB /* LaunchScreen.storyboard in Resources */ = {isa = PBXBuildFile; fileRef = B3AF310F27BF99EF00A7C1DB /* LaunchScreen.storyboard */; };
		B3AF311A27BF9A8600A7C1DB /* YumemiWeather in Frameworks */ = {isa = PBXBuildFile; productRef = B3AF311927BF9A8600A7C1DB /* YumemiWeather */; };
		B3D5259427D1AA93002D7A4D /* WeatherParameter.swift in Sources */ = {isa = PBXBuildFile; fileRef = B3D5259327D1AA93002D7A4D /* WeatherParameter.swift */; };
		B3D5259627D1AAF0002D7A4D /* WeatherResult.swift in Sources */ = {isa = PBXBuildFile; fileRef = B3D5259527D1AAF0002D7A4D /* WeatherResult.swift */; };
		B3D5259927D1B112002D7A4D /* WeatherModelImpl.swift in Sources */ = {isa = PBXBuildFile; fileRef = B3D5259827D1B112002D7A4D /* WeatherModelImpl.swift */; };
		B3D5259C27D1BD68002D7A4D /* WeatherViewController.storyboard in Resources */ = {isa = PBXBuildFile; fileRef = B3D5259B27D1BD68002D7A4D /* WeatherViewController.storyboard */; };
		B3D5259E27D1BEA3002D7A4D /* ViewController.swift in Sources */ = {isa = PBXBuildFile; fileRef = B3D5259D27D1BEA3002D7A4D /* ViewController.swift */; };
		B3D525A427D887C7002D7A4D /* WeatherModel.swift in Sources */ = {isa = PBXBuildFile; fileRef = B3D525A327D887C7002D7A4D /* WeatherModel.swift */; };
		B3D525A727DAEB45002D7A4D /* ReactiveViewController.storyboard in Resources */ = {isa = PBXBuildFile; fileRef = B3D525A627DAEB45002D7A4D /* ReactiveViewController.storyboard */; };
		B3D525A927DAF4B9002D7A4D /* ReactiveViewController.swift in Sources */ = {isa = PBXBuildFile; fileRef = B3D525A827DAF4B9002D7A4D /* ReactiveViewController.swift */; };
		B3D525AB27DAFD3C002D7A4D /* ReactiveWeatherViewController.storyboard in Resources */ = {isa = PBXBuildFile; fileRef = B3D525AA27DAFD3C002D7A4D /* ReactiveWeatherViewController.storyboard */; };
		B3D525AD27DAFD5E002D7A4D /* ReactiveWeatherViewController.swift in Sources */ = {isa = PBXBuildFile; fileRef = B3D525AC27DAFD5E002D7A4D /* ReactiveWeatherViewController.swift */; };
/* End PBXBuildFile section */

/* Begin PBXFileReference section */
		43BF2CE127DAD45400A5B64B /* SampleViewController.storyboard */ = {isa = PBXFileReference; lastKnownFileType = file.storyboard; path = SampleViewController.storyboard; sourceTree = "<group>"; };
		43BF2CE327DAD46900A5B64B /* SampleViewController.swift */ = {isa = PBXFileReference; lastKnownFileType = sourcecode.swift; path = SampleViewController.swift; sourceTree = "<group>"; };
		43DC39CB27DAD24E009497D3 /* RootTabBarController.storyboard */ = {isa = PBXFileReference; lastKnownFileType = file.storyboard; path = RootTabBarController.storyboard; sourceTree = "<group>"; };
		B3AF310127BF99EE00A7C1DB /* YumemiTraining.app */ = {isa = PBXFileReference; explicitFileType = wrapper.application; includeInIndex = 0; path = YumemiTraining.app; sourceTree = BUILT_PRODUCTS_DIR; };
		B3AF310427BF99EE00A7C1DB /* AppDelegate.swift */ = {isa = PBXFileReference; lastKnownFileType = sourcecode.swift; path = AppDelegate.swift; sourceTree = "<group>"; };
		B3AF310627BF99EE00A7C1DB /* SceneDelegate.swift */ = {isa = PBXFileReference; lastKnownFileType = sourcecode.swift; path = SceneDelegate.swift; sourceTree = "<group>"; };
		B3AF310827BF99EE00A7C1DB /* WeatherViewController.swift */ = {isa = PBXFileReference; lastKnownFileType = sourcecode.swift; path = WeatherViewController.swift; sourceTree = "<group>"; };
		B3AF310B27BF99EE00A7C1DB /* Base */ = {isa = PBXFileReference; lastKnownFileType = file.storyboard; name = Base; path = Base.lproj/ViewController.storyboard; sourceTree = "<group>"; };
		B3AF310D27BF99EF00A7C1DB /* Assets.xcassets */ = {isa = PBXFileReference; lastKnownFileType = folder.assetcatalog; path = Assets.xcassets; sourceTree = "<group>"; };
		B3AF311027BF99EF00A7C1DB /* Base */ = {isa = PBXFileReference; lastKnownFileType = file.storyboard; name = Base; path = Base.lproj/LaunchScreen.storyboard; sourceTree = "<group>"; };
		B3AF311227BF99EF00A7C1DB /* Info.plist */ = {isa = PBXFileReference; lastKnownFileType = text.plist.xml; path = Info.plist; sourceTree = "<group>"; };
		B3D5259327D1AA93002D7A4D /* WeatherParameter.swift */ = {isa = PBXFileReference; lastKnownFileType = sourcecode.swift; path = WeatherParameter.swift; sourceTree = "<group>"; };
		B3D5259527D1AAF0002D7A4D /* WeatherResult.swift */ = {isa = PBXFileReference; lastKnownFileType = sourcecode.swift; path = WeatherResult.swift; sourceTree = "<group>"; };
		B3D5259827D1B112002D7A4D /* WeatherModelImpl.swift */ = {isa = PBXFileReference; lastKnownFileType = sourcecode.swift; path = WeatherModelImpl.swift; sourceTree = "<group>"; };
		B3D5259B27D1BD68002D7A4D /* WeatherViewController.storyboard */ = {isa = PBXFileReference; lastKnownFileType = file.storyboard; path = WeatherViewController.storyboard; sourceTree = "<group>"; };
		B3D5259D27D1BEA3002D7A4D /* ViewController.swift */ = {isa = PBXFileReference; lastKnownFileType = sourcecode.swift; path = ViewController.swift; sourceTree = "<group>"; };
		B3D525A327D887C7002D7A4D /* WeatherModel.swift */ = {isa = PBXFileReference; lastKnownFileType = sourcecode.swift; path = WeatherModel.swift; sourceTree = "<group>"; };
		B3D525A627DAEB45002D7A4D /* ReactiveViewController.storyboard */ = {isa = PBXFileReference; lastKnownFileType = file.storyboard; path = ReactiveViewController.storyboard; sourceTree = "<group>"; };
		B3D525A827DAF4B9002D7A4D /* ReactiveViewController.swift */ = {isa = PBXFileReference; lastKnownFileType = sourcecode.swift; path = ReactiveViewController.swift; sourceTree = "<group>"; };
		B3D525AA27DAFD3C002D7A4D /* ReactiveWeatherViewController.storyboard */ = {isa = PBXFileReference; lastKnownFileType = file.storyboard; path = ReactiveWeatherViewController.storyboard; sourceTree = "<group>"; };
		B3D525AC27DAFD5E002D7A4D /* ReactiveWeatherViewController.swift */ = {isa = PBXFileReference; lastKnownFileType = sourcecode.swift; path = ReactiveWeatherViewController.swift; sourceTree = "<group>"; };
/* End PBXFileReference section */

/* Begin PBXFrameworksBuildPhase section */
		B3AF30FE27BF99EE00A7C1DB /* Frameworks */ = {
			isa = PBXFrameworksBuildPhase;
			buildActionMask = 2147483647;
			files = (
				B3AF311A27BF9A8600A7C1DB /* YumemiWeather in Frameworks */,
				43BF2CE727DAD8F000A5B64B /* ReactiveCocoa in Frameworks */,
			);
			runOnlyForDeploymentPostprocessing = 0;
		};
/* End PBXFrameworksBuildPhase section */

/* Begin PBXGroup section */
		B3AF30F827BF99EE00A7C1DB = {
			isa = PBXGroup;
			children = (
				B3AF310327BF99EE00A7C1DB /* YumemiTraining */,
				B3AF310227BF99EE00A7C1DB /* Products */,
			);
			sourceTree = "<group>";
		};
		B3AF310227BF99EE00A7C1DB /* Products */ = {
			isa = PBXGroup;
			children = (
				B3AF310127BF99EE00A7C1DB /* YumemiTraining.app */,
			);
			name = Products;
			sourceTree = "<group>";
		};
		B3AF310327BF99EE00A7C1DB /* YumemiTraining */ = {
			isa = PBXGroup;
			children = (
				B3AF310427BF99EE00A7C1DB /* AppDelegate.swift */,
				B3AF310627BF99EE00A7C1DB /* SceneDelegate.swift */,
				B3C1710F27E1E50E00C7EA06 /* Controllers */,
				B3D5259A27D1B1D6002D7A4D /* Models */,
				B3AF310D27BF99EF00A7C1DB /* Assets.xcassets */,
				B3AF310F27BF99EF00A7C1DB /* LaunchScreen.storyboard */,
				B3AF311227BF99EF00A7C1DB /* Info.plist */,
			);
			path = YumemiTraining;
			sourceTree = "<group>";
		};
		B3C1710F27E1E50E00C7EA06 /* Controllers */ = {
			isa = PBXGroup;
			children = (
				43DC39CB27DAD24E009497D3 /* RootTabBarController.storyboard */,
				B3C1711027E1E6E500C7EA06 /* ReactiveWeather */,
				B3C1711127E1E70400C7EA06 /* Sample */,
				B3C1711227E1E72300C7EA06 /* Weather */,
			);
			path = Controllers;
			sourceTree = "<group>";
		};
		B3C1711027E1E6E500C7EA06 /* ReactiveWeather */ = {
			isa = PBXGroup;
			children = (
				B3D525A627DAEB45002D7A4D /* ReactiveViewController.storyboard */,
				B3D525A827DAF4B9002D7A4D /* ReactiveViewController.swift */,
				B3D525AA27DAFD3C002D7A4D /* ReactiveWeatherViewController.storyboard */,
				B3D525AC27DAFD5E002D7A4D /* ReactiveWeatherViewController.swift */,
			);
			path = ReactiveWeather;
			sourceTree = "<group>";
		};
		B3C1711127E1E70400C7EA06 /* Sample */ = {
			isa = PBXGroup;
			children = (
				43BF2CE127DAD45400A5B64B /* SampleViewController.storyboard */,
				43BF2CE327DAD46900A5B64B /* SampleViewController.swift */,
			);
			path = Sample;
			sourceTree = "<group>";
		};
		B3C1711227E1E72300C7EA06 /* Weather */ = {
			isa = PBXGroup;
			children = (
				B3AF310A27BF99EE00A7C1DB /* ViewController.storyboard */,
				B3D5259D27D1BEA3002D7A4D /* ViewController.swift */,
				B3D5259B27D1BD68002D7A4D /* WeatherViewController.storyboard */,
				B3AF310827BF99EE00A7C1DB /* WeatherViewController.swift */,
			);
			path = Weather;
			sourceTree = "<group>";
		};
		B3D5259A27D1B1D6002D7A4D /* Models */ = {
			isa = PBXGroup;
			children = (
				B3D525A327D887C7002D7A4D /* WeatherModel.swift */,
				B3D5259827D1B112002D7A4D /* WeatherModelImpl.swift */,
				B3D5259327D1AA93002D7A4D /* WeatherParameter.swift */,
				B3D5259527D1AAF0002D7A4D /* WeatherResult.swift */,
			);
			path = Models;
			sourceTree = "<group>";
		};
/* End PBXGroup section */

/* Begin PBXNativeTarget section */
		B3AF310027BF99EE00A7C1DB /* YumemiTraining */ = {
			isa = PBXNativeTarget;
			buildConfigurationList = B3AF311527BF99EF00A7C1DB /* Build configuration list for PBXNativeTarget "YumemiTraining" */;
			buildPhases = (
				B3AF30FD27BF99EE00A7C1DB /* Sources */,
				B3AF30FE27BF99EE00A7C1DB /* Frameworks */,
				B3AF30FF27BF99EE00A7C1DB /* Resources */,
			);
			buildRules = (
			);
			dependencies = (
			);
			name = YumemiTraining;
			packageProductDependencies = (
				B3AF311927BF9A8600A7C1DB /* YumemiWeather */,
				43BF2CE627DAD8F000A5B64B /* ReactiveCocoa */,
			);
			productName = YumemiTraining;
			productReference = B3AF310127BF99EE00A7C1DB /* YumemiTraining.app */;
			productType = "com.apple.product-type.application";
		};
/* End PBXNativeTarget section */

/* Begin PBXProject section */
		B3AF30F927BF99EE00A7C1DB /* Project object */ = {
			isa = PBXProject;
			attributes = {
				BuildIndependentTargetsInParallel = 1;
				LastSwiftUpdateCheck = 1320;
				LastUpgradeCheck = 1320;
				TargetAttributes = {
					B3AF310027BF99EE00A7C1DB = {
						CreatedOnToolsVersion = 13.2.1;
					};
				};
			};
			buildConfigurationList = B3AF30FC27BF99EE00A7C1DB /* Build configuration list for PBXProject "YumemiTraining" */;
			compatibilityVersion = "Xcode 13.0";
			developmentRegion = en;
			hasScannedForEncodings = 0;
			knownRegions = (
				en,
				Base,
			);
			mainGroup = B3AF30F827BF99EE00A7C1DB;
			packageReferences = (
				B3AF311827BF9A8600A7C1DB /* XCRemoteSwiftPackageReference "ios-training" */,
				43BF2CE527DAD8F000A5B64B /* XCRemoteSwiftPackageReference "ReactiveCocoa" */,
			);
			productRefGroup = B3AF310227BF99EE00A7C1DB /* Products */;
			projectDirPath = "";
			projectRoot = "";
			targets = (
				B3AF310027BF99EE00A7C1DB /* YumemiTraining */,
			);
		};
/* End PBXProject section */

/* Begin PBXResourcesBuildPhase section */
		B3AF30FF27BF99EE00A7C1DB /* Resources */ = {
			isa = PBXResourcesBuildPhase;
			buildActionMask = 2147483647;
			files = (
				B3D525A727DAEB45002D7A4D /* ReactiveViewController.storyboard in Resources */,
				B3D525AB27DAFD3C002D7A4D /* ReactiveWeatherViewController.storyboard in Resources */,
				B3D5259C27D1BD68002D7A4D /* WeatherViewController.storyboard in Resources */,
				B3AF311127BF99EF00A7C1DB /* LaunchScreen.storyboard in Resources */,
				B3AF310E27BF99EF00A7C1DB /* Assets.xcassets in Resources */,
				43BF2CE227DAD45400A5B64B /* SampleViewController.storyboard in Resources */,
				43DC39CC27DAD24E009497D3 /* RootTabBarController.storyboard in Resources */,
				B3AF310C27BF99EE00A7C1DB /* ViewController.storyboard in Resources */,
			);
			runOnlyForDeploymentPostprocessing = 0;
		};
/* End PBXResourcesBuildPhase section */

/* Begin PBXSourcesBuildPhase section */
		B3AF30FD27BF99EE00A7C1DB /* Sources */ = {
			isa = PBXSourcesBuildPhase;
			buildActionMask = 2147483647;
			files = (
				B3D5259627D1AAF0002D7A4D /* WeatherResult.swift in Sources */,
				B3D5259927D1B112002D7A4D /* WeatherModelImpl.swift in Sources */,
				B3AF310927BF99EE00A7C1DB /* WeatherViewController.swift in Sources */,
				B3D525A927DAF4B9002D7A4D /* ReactiveViewController.swift in Sources */,
				B3AF310527BF99EE00A7C1DB /* AppDelegate.swift in Sources */,
				B3D525AD27DAFD5E002D7A4D /* ReactiveWeatherViewController.swift in Sources */,
				B3D5259E27D1BEA3002D7A4D /* ViewController.swift in Sources */,
				B3D5259427D1AA93002D7A4D /* WeatherParameter.swift in Sources */,
				B3D525A427D887C7002D7A4D /* WeatherModel.swift in Sources */,
				B3AF310727BF99EE00A7C1DB /* SceneDelegate.swift in Sources */,
				43BF2CE427DAD46900A5B64B /* SampleViewController.swift in Sources */,
			);
			runOnlyForDeploymentPostprocessing = 0;
		};
/* End PBXSourcesBuildPhase section */

/* Begin PBXVariantGroup section */
		B3AF310A27BF99EE00A7C1DB /* ViewController.storyboard */ = {
			isa = PBXVariantGroup;
			children = (
				B3AF310B27BF99EE00A7C1DB /* Base */,
			);
			name = ViewController.storyboard;
			sourceTree = "<group>";
		};
		B3AF310F27BF99EF00A7C1DB /* LaunchScreen.storyboard */ = {
			isa = PBXVariantGroup;
			children = (
				B3AF311027BF99EF00A7C1DB /* Base */,
			);
			name = LaunchScreen.storyboard;
			sourceTree = "<group>";
		};
/* End PBXVariantGroup section */

/* Begin XCBuildConfiguration section */
		B3AF311327BF99EF00A7C1DB /* Debug */ = {
			isa = XCBuildConfiguration;
			buildSettings = {
				ALWAYS_SEARCH_USER_PATHS = NO;
				CLANG_ANALYZER_NONNULL = YES;
				CLANG_ANALYZER_NUMBER_OBJECT_CONVERSION = YES_AGGRESSIVE;
				CLANG_CXX_LANGUAGE_STANDARD = "gnu++17";
				CLANG_CXX_LIBRARY = "libc++";
				CLANG_ENABLE_MODULES = YES;
				CLANG_ENABLE_OBJC_ARC = YES;
				CLANG_ENABLE_OBJC_WEAK = YES;
				CLANG_WARN_BLOCK_CAPTURE_AUTORELEASING = YES;
				CLANG_WARN_BOOL_CONVERSION = YES;
				CLANG_WARN_COMMA = YES;
				CLANG_WARN_CONSTANT_CONVERSION = YES;
				CLANG_WARN_DEPRECATED_OBJC_IMPLEMENTATIONS = YES;
				CLANG_WARN_DIRECT_OBJC_ISA_USAGE = YES_ERROR;
				CLANG_WARN_DOCUMENTATION_COMMENTS = YES;
				CLANG_WARN_EMPTY_BODY = YES;
				CLANG_WARN_ENUM_CONVERSION = YES;
				CLANG_WARN_INFINITE_RECURSION = YES;
				CLANG_WARN_INT_CONVERSION = YES;
				CLANG_WARN_NON_LITERAL_NULL_CONVERSION = YES;
				CLANG_WARN_OBJC_IMPLICIT_RETAIN_SELF = YES;
				CLANG_WARN_OBJC_LITERAL_CONVERSION = YES;
				CLANG_WARN_OBJC_ROOT_CLASS = YES_ERROR;
				CLANG_WARN_QUOTED_INCLUDE_IN_FRAMEWORK_HEADER = YES;
				CLANG_WARN_RANGE_LOOP_ANALYSIS = YES;
				CLANG_WARN_STRICT_PROTOTYPES = YES;
				CLANG_WARN_SUSPICIOUS_MOVE = YES;
				CLANG_WARN_UNGUARDED_AVAILABILITY = YES_AGGRESSIVE;
				CLANG_WARN_UNREACHABLE_CODE = YES;
				CLANG_WARN__DUPLICATE_METHOD_MATCH = YES;
				COPY_PHASE_STRIP = NO;
				DEBUG_INFORMATION_FORMAT = dwarf;
				ENABLE_STRICT_OBJC_MSGSEND = YES;
				ENABLE_TESTABILITY = YES;
				GCC_C_LANGUAGE_STANDARD = gnu11;
				GCC_DYNAMIC_NO_PIC = NO;
				GCC_NO_COMMON_BLOCKS = YES;
				GCC_OPTIMIZATION_LEVEL = 0;
				GCC_PREPROCESSOR_DEFINITIONS = (
					"DEBUG=1",
					"$(inherited)",
				);
				GCC_WARN_64_TO_32_BIT_CONVERSION = YES;
				GCC_WARN_ABOUT_RETURN_TYPE = YES_ERROR;
				GCC_WARN_UNDECLARED_SELECTOR = YES;
				GCC_WARN_UNINITIALIZED_AUTOS = YES_AGGRESSIVE;
				GCC_WARN_UNUSED_FUNCTION = YES;
				GCC_WARN_UNUSED_VARIABLE = YES;
				IPHONEOS_DEPLOYMENT_TARGET = 15.2;
				MTL_ENABLE_DEBUG_INFO = INCLUDE_SOURCE;
				MTL_FAST_MATH = YES;
				ONLY_ACTIVE_ARCH = YES;
				SDKROOT = iphoneos;
				SWIFT_ACTIVE_COMPILATION_CONDITIONS = DEBUG;
				SWIFT_OPTIMIZATION_LEVEL = "-Onone";
			};
			name = Debug;
		};
		B3AF311427BF99EF00A7C1DB /* Release */ = {
			isa = XCBuildConfiguration;
			buildSettings = {
				ALWAYS_SEARCH_USER_PATHS = NO;
				CLANG_ANALYZER_NONNULL = YES;
				CLANG_ANALYZER_NUMBER_OBJECT_CONVERSION = YES_AGGRESSIVE;
				CLANG_CXX_LANGUAGE_STANDARD = "gnu++17";
				CLANG_CXX_LIBRARY = "libc++";
				CLANG_ENABLE_MODULES = YES;
				CLANG_ENABLE_OBJC_ARC = YES;
				CLANG_ENABLE_OBJC_WEAK = YES;
				CLANG_WARN_BLOCK_CAPTURE_AUTORELEASING = YES;
				CLANG_WARN_BOOL_CONVERSION = YES;
				CLANG_WARN_COMMA = YES;
				CLANG_WARN_CONSTANT_CONVERSION = YES;
				CLANG_WARN_DEPRECATED_OBJC_IMPLEMENTATIONS = YES;
				CLANG_WARN_DIRECT_OBJC_ISA_USAGE = YES_ERROR;
				CLANG_WARN_DOCUMENTATION_COMMENTS = YES;
				CLANG_WARN_EMPTY_BODY = YES;
				CLANG_WARN_ENUM_CONVERSION = YES;
				CLANG_WARN_INFINITE_RECURSION = YES;
				CLANG_WARN_INT_CONVERSION = YES;
				CLANG_WARN_NON_LITERAL_NULL_CONVERSION = YES;
				CLANG_WARN_OBJC_IMPLICIT_RETAIN_SELF = YES;
				CLANG_WARN_OBJC_LITERAL_CONVERSION = YES;
				CLANG_WARN_OBJC_ROOT_CLASS = YES_ERROR;
				CLANG_WARN_QUOTED_INCLUDE_IN_FRAMEWORK_HEADER = YES;
				CLANG_WARN_RANGE_LOOP_ANALYSIS = YES;
				CLANG_WARN_STRICT_PROTOTYPES = YES;
				CLANG_WARN_SUSPICIOUS_MOVE = YES;
				CLANG_WARN_UNGUARDED_AVAILABILITY = YES_AGGRESSIVE;
				CLANG_WARN_UNREACHABLE_CODE = YES;
				CLANG_WARN__DUPLICATE_METHOD_MATCH = YES;
				COPY_PHASE_STRIP = NO;
				DEBUG_INFORMATION_FORMAT = "dwarf-with-dsym";
				ENABLE_NS_ASSERTIONS = NO;
				ENABLE_STRICT_OBJC_MSGSEND = YES;
				GCC_C_LANGUAGE_STANDARD = gnu11;
				GCC_NO_COMMON_BLOCKS = YES;
				GCC_WARN_64_TO_32_BIT_CONVERSION = YES;
				GCC_WARN_ABOUT_RETURN_TYPE = YES_ERROR;
				GCC_WARN_UNDECLARED_SELECTOR = YES;
				GCC_WARN_UNINITIALIZED_AUTOS = YES_AGGRESSIVE;
				GCC_WARN_UNUSED_FUNCTION = YES;
				GCC_WARN_UNUSED_VARIABLE = YES;
				IPHONEOS_DEPLOYMENT_TARGET = 15.2;
				MTL_ENABLE_DEBUG_INFO = NO;
				MTL_FAST_MATH = YES;
				SDKROOT = iphoneos;
				SWIFT_COMPILATION_MODE = wholemodule;
				SWIFT_OPTIMIZATION_LEVEL = "-O";
				VALIDATE_PRODUCT = YES;
			};
			name = Release;
		};
		B3AF311627BF99EF00A7C1DB /* Debug */ = {
			isa = XCBuildConfiguration;
			buildSettings = {
				ASSETCATALOG_COMPILER_APPICON_NAME = AppIcon;
				ASSETCATALOG_COMPILER_GLOBAL_ACCENT_COLOR_NAME = AccentColor;
				CODE_SIGN_STYLE = Automatic;
				CURRENT_PROJECT_VERSION = 1;
				DEVELOPMENT_TEAM = U6FZDMTC72;
				GENERATE_INFOPLIST_FILE = YES;
				INFOPLIST_FILE = YumemiTraining/Info.plist;
				INFOPLIST_KEY_UIApplicationSupportsIndirectInputEvents = YES;
				INFOPLIST_KEY_UILaunchStoryboardName = LaunchScreen;
				INFOPLIST_KEY_UIMainStoryboardFile = RootTabBarController;
				INFOPLIST_KEY_UISupportedInterfaceOrientations_iPad = "UIInterfaceOrientationPortrait UIInterfaceOrientationPortraitUpsideDown UIInterfaceOrientationLandscapeLeft UIInterfaceOrientationLandscapeRight";
				INFOPLIST_KEY_UISupportedInterfaceOrientations_iPhone = "UIInterfaceOrientationPortrait UIInterfaceOrientationLandscapeLeft UIInterfaceOrientationLandscapeRight";
				LD_RUNPATH_SEARCH_PATHS = (
					"$(inherited)",
					"@executable_path/Frameworks",
				);
				MARKETING_VERSION = 1.0;
				PRODUCT_BUNDLE_IDENTIFIER = com.torakyun.YumemiTraining;
				PRODUCT_NAME = "$(TARGET_NAME)";
				SWIFT_EMIT_LOC_STRINGS = YES;
				SWIFT_VERSION = 5.0;
				TARGETED_DEVICE_FAMILY = "1,2";
			};
			name = Debug;
		};
		B3AF311727BF99EF00A7C1DB /* Release */ = {
			isa = XCBuildConfiguration;
			buildSettings = {
				ASSETCATALOG_COMPILER_APPICON_NAME = AppIcon;
				ASSETCATALOG_COMPILER_GLOBAL_ACCENT_COLOR_NAME = AccentColor;
				CODE_SIGN_STYLE = Automatic;
				CURRENT_PROJECT_VERSION = 1;
				DEVELOPMENT_TEAM = U6FZDMTC72;
				GENERATE_INFOPLIST_FILE = YES;
				INFOPLIST_FILE = YumemiTraining/Info.plist;
				INFOPLIST_KEY_UIApplicationSupportsIndirectInputEvents = YES;
				INFOPLIST_KEY_UILaunchStoryboardName = LaunchScreen;
				INFOPLIST_KEY_UIMainStoryboardFile = RootTabBarController;
				INFOPLIST_KEY_UISupportedInterfaceOrientations_iPad = "UIInterfaceOrientationPortrait UIInterfaceOrientationPortraitUpsideDown UIInterfaceOrientationLandscapeLeft UIInterfaceOrientationLandscapeRight";
				INFOPLIST_KEY_UISupportedInterfaceOrientations_iPhone = "UIInterfaceOrientationPortrait UIInterfaceOrientationLandscapeLeft UIInterfaceOrientationLandscapeRight";
				LD_RUNPATH_SEARCH_PATHS = (
					"$(inherited)",
					"@executable_path/Frameworks",
				);
				MARKETING_VERSION = 1.0;
				PRODUCT_BUNDLE_IDENTIFIER = com.torakyun.YumemiTraining;
				PRODUCT_NAME = "$(TARGET_NAME)";
				SWIFT_EMIT_LOC_STRINGS = YES;
				SWIFT_VERSION = 5.0;
				TARGETED_DEVICE_FAMILY = "1,2";
			};
			name = Release;
		};
/* End XCBuildConfiguration section */

/* Begin XCConfigurationList section */
		B3AF30FC27BF99EE00A7C1DB /* Build configuration list for PBXProject "YumemiTraining" */ = {
			isa = XCConfigurationList;
			buildConfigurations = (
				B3AF311327BF99EF00A7C1DB /* Debug */,
				B3AF311427BF99EF00A7C1DB /* Release */,
			);
			defaultConfigurationIsVisible = 0;
			defaultConfigurationName = Release;
		};
		B3AF311527BF99EF00A7C1DB /* Build configuration list for PBXNativeTarget "YumemiTraining" */ = {
			isa = XCConfigurationList;
			buildConfigurations = (
				B3AF311627BF99EF00A7C1DB /* Debug */,
				B3AF311727BF99EF00A7C1DB /* Release */,
			);
			defaultConfigurationIsVisible = 0;
			defaultConfigurationName = Release;
		};
/* End XCConfigurationList section */

/* Begin XCRemoteSwiftPackageReference section */
		43BF2CE527DAD8F000A5B64B /* XCRemoteSwiftPackageReference "ReactiveCocoa" */ = {
			isa = XCRemoteSwiftPackageReference;
			repositoryURL = "https://github.com/ReactiveCocoa/ReactiveCocoa.git";
			requirement = {
				branch = master;
				kind = branch;
			};
		};
		B3AF311827BF9A8600A7C1DB /* XCRemoteSwiftPackageReference "ios-training" */ = {
			isa = XCRemoteSwiftPackageReference;
			repositoryURL = "https://github.com/yumemi-inc/ios-training.git";
			requirement = {
				branch = main;
				kind = branch;
			};
		};
/* End XCRemoteSwiftPackageReference section */

/* Begin XCSwiftPackageProductDependency section */
		43BF2CE627DAD8F000A5B64B /* ReactiveCocoa */ = {
			isa = XCSwiftPackageProductDependency;
			package = 43BF2CE527DAD8F000A5B64B /* XCRemoteSwiftPackageReference "ReactiveCocoa" */;
			productName = ReactiveCocoa;
		};
		B3AF311927BF9A8600A7C1DB /* YumemiWeather */ = {
			isa = XCSwiftPackageProductDependency;
			package = B3AF311827BF9A8600A7C1DB /* XCRemoteSwiftPackageReference "ios-training" */;
			productName = YumemiWeather;
		};
/* End XCSwiftPackageProductDependency section */
	};
	rootObject = B3AF30F927BF99EE00A7C1DB /* Project object */;
}
